
Microsoft Visual Studio Solution File, Format Version 12.00
# Visual Studio 2012
Project("{FAE04EC0-301F-11D3-BF4B-00C04F79EFBC}") = "XPatch.Console", "Source\Console\XPatch.Console.csproj", "{9E93FE47-5EE2-40B2-9332-EA4C27BF50D6}"
EndProject
Global
	GlobalSection(SolutionConfigurationPlatforms) = preSolution
		Debug|Any CPU = Debug|Any CPU
		Release|Any CPU = Release|Any CPU
	EndGlobalSection
	GlobalSection(ProjectConfigurationPlatforms) = postSolution
		{9E93FE47-5EE2-40B2-9332-EA4C27BF50D6}.Debug|Any CPU.ActiveCfg = Debug|Any CPU
		{9E93FE47-5EE2-40B2-9332-EA4C27BF50D6}.Debug|Any CPU.Build.0 = Debug|Any CPU
		{9E93FE47-5EE2-40B2-9332-EA4C27BF50D6}.Release|Any CPU.ActiveCfg = Release|Any CPU
		{9E93FE47-5EE2-40B2-9332-EA4C27BF50D6}.Release|Any CPU.Build.0 = Release|Any CPU
	EndGlobalSection
	GlobalSection(SolutionProperties) = preSolution
		HideSolutionNode = FALSE
	EndGlobalSection
EndGlobal
